
Microsoft Visual Studio Solution File, Format Version 12.00
# Visual Studio Version 16
VisualStudioVersion = 16.0.31613.86
MinimumVisualStudioVersion = 10.0.40219.1
Project("{9092AA53-FB77-4645-B42D-1CCCA6BD08BD}") = "Lab5SIT", "Lab5SIT\Lab5SIT.njsproj", "{8042B2E7-D7D9-46B4-A50C-2FCF3692AF9B}"
EndProject
Global
	GlobalSection(SolutionConfigurationPlatforms) = preSolution
		Debug|Any CPU = Debug|Any CPU
		Release|Any CPU = Release|Any CPU
	EndGlobalSection
	GlobalSection(ProjectConfigurationPlatforms) = postSolution
		{8042B2E7-D7D9-46B4-A50C-2FCF3692AF9B}.Debug|Any CPU.ActiveCfg = Debug|Any CPU
		{8042B2E7-D7D9-46B4-A50C-2FCF3692AF9B}.Debug|Any CPU.Build.0 = Debug|Any CPU
		{8042B2E7-D7D9-46B4-A50C-2FCF3692AF9B}.Release|Any CPU.ActiveCfg = Release|Any CPU
		{8042B2E7-D7D9-46B4-A50C-2FCF3692AF9B}.Release|Any CPU.Build.0 = Release|Any CPU
	EndGlobalSection
	GlobalSection(SolutionProperties) = preSolution
		HideSolutionNode = FALSE
	EndGlobalSection
	GlobalSection(ExtensibilityGlobals) = postSolution
		SolutionGuid = {0D779D43-AE47-4022-A045-674646B98F66}
	EndGlobalSection
EndGlobal
